// !$*UTF8*$!
{
	archiveVersion = 1;
	classes = {
	};
	objectVersion = 56;
	objects = {

/* Begin PBXBuildFile section */
		981190452933729D00E8DDD4 /* RantsModel.swift in Sources */ = {isa = PBXBuildFile; fileRef = 981190442933729D00E8DDD4 /* RantsModel.swift */; };
		981190472933735100E8DDD4 /* RantsViewModel.swift in Sources */ = {isa = PBXBuildFile; fileRef = 981190462933735100E8DDD4 /* RantsViewModel.swift */; };
		98B52B212930A4BE0013FEEA /* Rant_AwayApp.swift in Sources */ = {isa = PBXBuildFile; fileRef = 98B52B202930A4BE0013FEEA /* Rant_AwayApp.swift */; };
		98B52B232930A4BE0013FEEA /* ContentView.swift in Sources */ = {isa = PBXBuildFile; fileRef = 98B52B222930A4BE0013FEEA /* ContentView.swift */; };
		98B52B252930A4C20013FEEA /* Assets.xcassets in Resources */ = {isa = PBXBuildFile; fileRef = 98B52B242930A4C20013FEEA /* Assets.xcassets */; };
		98B52B282930A4C20013FEEA /* Preview Assets.xcassets in Resources */ = {isa = PBXBuildFile; fileRef = 98B52B272930A4C20013FEEA /* Preview Assets.xcassets */; };
		98B52B2F2930A5710013FEEA /* HomepageView.swift in Sources */ = {isa = PBXBuildFile; fileRef = 98B52B2E2930A5710013FEEA /* HomepageView.swift */; };
		98B52B332930A7B40013FEEA /* GridView.swift in Sources */ = {isa = PBXBuildFile; fileRef = 98B52B322930A7B40013FEEA /* GridView.swift */; };
		98D708F12930ACEB004D5175 /* ListView.swift in Sources */ = {isa = PBXBuildFile; fileRef = 98D708F02930ACEA004D5175 /* ListView.swift */; };
		98D708F42930AF03004D5175 /* NewRantView.swift in Sources */ = {isa = PBXBuildFile; fileRef = 98D708F32930AF03004D5175 /* NewRantView.swift */; };
		98D708F72930B3AD004D5175 /* RantView.swift in Sources */ = {isa = PBXBuildFile; fileRef = 98D708F62930B3AD004D5175 /* RantView.swift */; };
/* End PBXBuildFile section */

/* Begin PBXFileReference section */
		981190442933729D00E8DDD4 /* RantsModel.swift */ = {isa = PBXFileReference; lastKnownFileType = sourcecode.swift; path = RantsModel.swift; sourceTree = "<group>"; };
		981190462933735100E8DDD4 /* RantsViewModel.swift */ = {isa = PBXFileReference; lastKnownFileType = sourcecode.swift; path = RantsViewModel.swift; sourceTree = "<group>"; };
		98B52B1D2930A4BE0013FEEA /* Rant Away.app */ = {isa = PBXFileReference; explicitFileType = wrapper.application; includeInIndex = 0; path = "Rant Away.app"; sourceTree = BUILT_PRODUCTS_DIR; };
		98B52B202930A4BE0013FEEA /* Rant_AwayApp.swift */ = {isa = PBXFileReference; lastKnownFileType = sourcecode.swift; path = Rant_AwayApp.swift; sourceTree = "<group>"; };
		98B52B222930A4BE0013FEEA /* ContentView.swift */ = {isa = PBXFileReference; lastKnownFileType = sourcecode.swift; path = ContentView.swift; sourceTree = "<group>"; };
		98B52B242930A4C20013FEEA /* Assets.xcassets */ = {isa = PBXFileReference; lastKnownFileType = folder.assetcatalog; path = Assets.xcassets; sourceTree = "<group>"; };
		98B52B272930A4C20013FEEA /* Preview Assets.xcassets */ = {isa = PBXFileReference; lastKnownFileType = folder.assetcatalog; path = "Preview Assets.xcassets"; sourceTree = "<group>"; };
		98B52B2E2930A5710013FEEA /* HomepageView.swift */ = {isa = PBXFileReference; lastKnownFileType = sourcecode.swift; path = HomepageView.swift; sourceTree = "<group>"; };
		98B52B322930A7B40013FEEA /* GridView.swift */ = {isa = PBXFileReference; lastKnownFileType = sourcecode.swift; path = GridView.swift; sourceTree = "<group>"; };
		98D708F02930ACEA004D5175 /* ListView.swift */ = {isa = PBXFileReference; lastKnownFileType = sourcecode.swift; path = ListView.swift; sourceTree = "<group>"; };
		98D708F32930AF03004D5175 /* NewRantView.swift */ = {isa = PBXFileReference; lastKnownFileType = sourcecode.swift; path = NewRantView.swift; sourceTree = "<group>"; };
		98D708F62930B3AD004D5175 /* RantView.swift */ = {isa = PBXFileReference; lastKnownFileType = sourcecode.swift; path = RantView.swift; sourceTree = "<group>"; };
/* End PBXFileReference section */

/* Begin PBXFrameworksBuildPhase section */
		98B52B1A2930A4BE0013FEEA /* Frameworks */ = {
			isa = PBXFrameworksBuildPhase;
			buildActionMask = 2147483647;
			files = (
			);
			runOnlyForDeploymentPostprocessing = 0;
		};
/* End PBXFrameworksBuildPhase section */

/* Begin PBXGroup section */
		98B52B142930A4BE0013FEEA = {
			isa = PBXGroup;
			children = (
				98B52B1F2930A4BE0013FEEA /* Rant Away */,
				98B52B1E2930A4BE0013FEEA /* Products */,
			);
			sourceTree = "<group>";
		};
		98B52B1E2930A4BE0013FEEA /* Products */ = {
			isa = PBXGroup;
			children = (
				98B52B1D2930A4BE0013FEEA /* Rant Away.app */,
			);
			name = Products;
			sourceTree = "<group>";
		};
		98B52B1F2930A4BE0013FEEA /* Rant Away */ = {
			isa = PBXGroup;
			children = (
				98D708F52930B392004D5175 /* Rant */,
				98D708F22930AEE6004D5175 /* New Rant */,
				98B52B312930A78A0013FEEA /* Homepage */,
				98B52B202930A4BE0013FEEA /* Rant_AwayApp.swift */,
				98B52B222930A4BE0013FEEA /* ContentView.swift */,
				98B52B242930A4C20013FEEA /* Assets.xcassets */,
				98B52B262930A4C20013FEEA /* Preview Content */,
			);
			path = "Rant Away";
			sourceTree = "<group>";
		};
		98B52B262930A4C20013FEEA /* Preview Content */ = {
			isa = PBXGroup;
			children = (
				98B52B272930A4C20013FEEA /* Preview Assets.xcassets */,
			);
			path = "Preview Content";
			sourceTree = "<group>";
		};
		98B52B312930A78A0013FEEA /* Homepage */ = {
			isa = PBXGroup;
			children = (
				98B52B2E2930A5710013FEEA /* HomepageView.swift */,
				98D708F02930ACEA004D5175 /* ListView.swift */,
				98B52B322930A7B40013FEEA /* GridView.swift */,
			);
			path = Homepage;
			sourceTree = "<group>";
		};
		98D708F22930AEE6004D5175 /* New Rant */ = {
			isa = PBXGroup;
			children = (
				98D708F32930AF03004D5175 /* NewRantView.swift */,
			);
			path = "New Rant";
			sourceTree = "<group>";
		};
		98D708F52930B392004D5175 /* Rant */ = {
			isa = PBXGroup;
			children = (
				98D708F62930B3AD004D5175 /* RantView.swift */,
				981190442933729D00E8DDD4 /* RantsModel.swift */,
				981190462933735100E8DDD4 /* RantsViewModel.swift */,
			);
			path = Rant;
			sourceTree = "<group>";
		};
/* End PBXGroup section */

/* Begin PBXNativeTarget section */
		98B52B1C2930A4BE0013FEEA /* Rant Away */ = {
			isa = PBXNativeTarget;
			buildConfigurationList = 98B52B2B2930A4C20013FEEA /* Build configuration list for PBXNativeTarget "Rant Away" */;
			buildPhases = (
				98B52B192930A4BE0013FEEA /* Sources */,
				98B52B1A2930A4BE0013FEEA /* Frameworks */,
				98B52B1B2930A4BE0013FEEA /* Resources */,
			);
			buildRules = (
			);
			dependencies = (
			);
			name = "Rant Away";
			productName = "Rant Away";
			productReference = 98B52B1D2930A4BE0013FEEA /* Rant Away.app */;
			productType = "com.apple.product-type.application";
		};
/* End PBXNativeTarget section */

/* Begin PBXProject section */
		98B52B152930A4BE0013FEEA /* Project object */ = {
			isa = PBXProject;
			attributes = {
				BuildIndependentTargetsInParallel = 1;
				LastSwiftUpdateCheck = 1410;
				LastUpgradeCheck = 1410;
				TargetAttributes = {
					98B52B1C2930A4BE0013FEEA = {
						CreatedOnToolsVersion = 14.1;
					};
				};
			};
			buildConfigurationList = 98B52B182930A4BE0013FEEA /* Build configuration list for PBXProject "Rant Away" */;
			compatibilityVersion = "Xcode 14.0";
			developmentRegion = en;
			hasScannedForEncodings = 0;
			knownRegions = (
				en,
				Base,
			);
			mainGroup = 98B52B142930A4BE0013FEEA;
			productRefGroup = 98B52B1E2930A4BE0013FEEA /* Products */;
			projectDirPath = "";
			projectRoot = "";
			targets = (
				98B52B1C2930A4BE0013FEEA /* Rant Away */,
			);
		};
/* End PBXProject section */

/* Begin PBXResourcesBuildPhase section */
		98B52B1B2930A4BE0013FEEA /* Resources */ = {
			isa = PBXResourcesBuildPhase;
			buildActionMask = 2147483647;
			files = (
				98B52B282930A4C20013FEEA /* Preview Assets.xcassets in Resources */,
				98B52B252930A4C20013FEEA /* Assets.xcassets in Resources */,
			);
			runOnlyForDeploymentPostprocessing = 0;
		};
/* End PBXResourcesBuildPhase section */

/* Begin PBXSourcesBuildPhase section */
		98B52B192930A4BE0013FEEA /* Sources */ = {
			isa = PBXSourcesBuildPhase;
			buildActionMask = 2147483647;
			files = (
				98B52B2F2930A5710013FEEA /* HomepageView.swift in Sources */,
				98B52B232930A4BE0013FEEA /* ContentView.swift in Sources */,
				981190452933729D00E8DDD4 /* RantsModel.swift in Sources */,
				98D708F72930B3AD004D5175 /* RantView.swift in Sources */,
				98D708F42930AF03004D5175 /* NewRantView.swift in Sources */,
				98D708F12930ACEB004D5175 /* ListView.swift in Sources */,
				981190472933735100E8DDD4 /* RantsViewModel.swift in Sources */,
				98B52B332930A7B40013FEEA /* GridView.swift in Sources */,
				98B52B212930A4BE0013FEEA /* Rant_AwayApp.swift in Sources */,
			);
			runOnlyForDeploymentPostprocessing = 0;
		};
/* End PBXSourcesBuildPhase section */

/* Begin XCBuildConfiguration section */
		98B52B292930A4C20013FEEA /* Debug */ = {
			isa = XCBuildConfiguration;
			buildSettings = {
				ALWAYS_SEARCH_USER_PATHS = NO;
				CLANG_ANALYZER_NONNULL = YES;
				CLANG_ANALYZER_NUMBER_OBJECT_CONVERSION = YES_AGGRESSIVE;
				CLANG_CXX_LANGUAGE_STANDARD = "gnu++20";
				CLANG_ENABLE_MODULES = YES;
				CLANG_ENABLE_OBJC_ARC = YES;
				CLANG_ENABLE_OBJC_WEAK = YES;
				CLANG_WARN_BLOCK_CAPTURE_AUTORELEASING = YES;
				CLANG_WARN_BOOL_CONVERSION = YES;
				CLANG_WARN_COMMA = YES;
				CLANG_WARN_CONSTANT_CONVERSION = YES;
				CLANG_WARN_DEPRECATED_OBJC_IMPLEMENTATIONS = YES;
				CLANG_WARN_DIRECT_OBJC_ISA_USAGE = YES_ERROR;
				CLANG_WARN_DOCUMENTATION_COMMENTS = YES;
				CLANG_WARN_EMPTY_BODY = YES;
				CLANG_WARN_ENUM_CONVERSION = YES;
				CLANG_WARN_INFINITE_RECURSION = YES;
				CLANG_WARN_INT_CONVERSION = YES;
				CLANG_WARN_NON_LITERAL_NULL_CONVERSION = YES;
				CLANG_WARN_OBJC_IMPLICIT_RETAIN_SELF = YES;
				CLANG_WARN_OBJC_LITERAL_CONVERSION = YES;
				CLANG_WARN_OBJC_ROOT_CLASS = YES_ERROR;
				CLANG_WARN_QUOTED_INCLUDE_IN_FRAMEWORK_HEADER = YES;
				CLANG_WARN_RANGE_LOOP_ANALYSIS = YES;
				CLANG_WARN_STRICT_PROTOTYPES = YES;
				CLANG_WARN_SUSPICIOUS_MOVE = YES;
				CLANG_WARN_UNGUARDED_AVAILABILITY = YES_AGGRESSIVE;
				CLANG_WARN_UNREACHABLE_CODE = YES;
				CLANG_WARN__DUPLICATE_METHOD_MATCH = YES;
				COPY_PHASE_STRIP = NO;
				DEBUG_INFORMATION_FORMAT = dwarf;
				ENABLE_STRICT_OBJC_MSGSEND = YES;
				ENABLE_TESTABILITY = YES;
				GCC_C_LANGUAGE_STANDARD = gnu11;
				GCC_DYNAMIC_NO_PIC = NO;
				GCC_NO_COMMON_BLOCKS = YES;
				GCC_OPTIMIZATION_LEVEL = 0;
				GCC_PREPROCESSOR_DEFINITIONS = (
					"DEBUG=1",
					"$(inherited)",
				);
				GCC_WARN_64_TO_32_BIT_CONVERSION = YES;
				GCC_WARN_ABOUT_RETURN_TYPE = YES_ERROR;
				GCC_WARN_UNDECLARED_SELECTOR = YES;
				GCC_WARN_UNINITIALIZED_AUTOS = YES_AGGRESSIVE;
				GCC_WARN_UNUSED_FUNCTION = YES;
				GCC_WARN_UNUSED_VARIABLE = YES;
				IPHONEOS_DEPLOYMENT_TARGET = 16.1;
				MTL_ENABLE_DEBUG_INFO = INCLUDE_SOURCE;
				MTL_FAST_MATH = YES;
				ONLY_ACTIVE_ARCH = YES;
				SDKROOT = iphoneos;
				SWIFT_ACTIVE_COMPILATION_CONDITIONS = DEBUG;
				SWIFT_OPTIMIZATION_LEVEL = "-Onone";
			};
			name = Debug;
		};
		98B52B2A2930A4C20013FEEA /* Release */ = {
			isa = XCBuildConfiguration;
			buildSettings = {
				ALWAYS_SEARCH_USER_PATHS = NO;
				CLANG_ANALYZER_NONNULL = YES;
				CLANG_ANALYZER_NUMBER_OBJECT_CONVERSION = YES_AGGRESSIVE;
				CLANG_CXX_LANGUAGE_STANDARD = "gnu++20";
				CLANG_ENABLE_MODULES = YES;
				CLANG_ENABLE_OBJC_ARC = YES;
				CLANG_ENABLE_OBJC_WEAK = YES;
				CLANG_WARN_BLOCK_CAPTURE_AUTORELEASING = YES;
				CLANG_WARN_BOOL_CONVERSION = YES;
				CLANG_WARN_COMMA = YES;
				CLANG_WARN_CONSTANT_CONVERSION = YES;
				CLANG_WARN_DEPRECATED_OBJC_IMPLEMENTATIONS = YES;
				CLANG_WARN_DIRECT_OBJC_ISA_USAGE = YES_ERROR;
				CLANG_WARN_DOCUMENTATION_COMMENTS = YES;
				CLANG_WARN_EMPTY_BODY = YES;
				CLANG_WARN_ENUM_CONVERSION = YES;
				CLANG_WARN_INFINITE_RECURSION = YES;
				CLANG_WARN_INT_CONVERSION = YES;
				CLANG_WARN_NON_LITERAL_NULL_CONVERSION = YES;
				CLANG_WARN_OBJC_IMPLICIT_RETAIN_SELF = YES;
				CLANG_WARN_OBJC_LITERAL_CONVERSION = YES;
				CLANG_WARN_OBJC_ROOT_CLASS = YES_ERROR;
				CLANG_WARN_QUOTED_INCLUDE_IN_FRAMEWORK_HEADER = YES;
				CLANG_WARN_RANGE_LOOP_ANALYSIS = YES;
				CLANG_WARN_STRICT_PROTOTYPES = YES;
				CLANG_WARN_SUSPICIOUS_MOVE = YES;
				CLANG_WARN_UNGUARDED_AVAILABILITY = YES_AGGRESSIVE;
				CLANG_WARN_UNREACHABLE_CODE = YES;
				CLANG_WARN__DUPLICATE_METHOD_MATCH = YES;
				COPY_PHASE_STRIP = NO;
				DEBUG_INFORMATION_FORMAT = "dwarf-with-dsym";
				ENABLE_NS_ASSERTIONS = NO;
				ENABLE_STRICT_OBJC_MSGSEND = YES;
				GCC_C_LANGUAGE_STANDARD = gnu11;
				GCC_NO_COMMON_BLOCKS = YES;
				GCC_WARN_64_TO_32_BIT_CONVERSION = YES;
				GCC_WARN_ABOUT_RETURN_TYPE = YES_ERROR;
				GCC_WARN_UNDECLARED_SELECTOR = YES;
				GCC_WARN_UNINITIALIZED_AUTOS = YES_AGGRESSIVE;
				GCC_WARN_UNUSED_FUNCTION = YES;
				GCC_WARN_UNUSED_VARIABLE = YES;
				IPHONEOS_DEPLOYMENT_TARGET = 16.1;
				MTL_ENABLE_DEBUG_INFO = NO;
				MTL_FAST_MATH = YES;
				SDKROOT = iphoneos;
				SWIFT_COMPILATION_MODE = wholemodule;
				SWIFT_OPTIMIZATION_LEVEL = "-O";
				VALIDATE_PRODUCT = YES;
			};
			name = Release;
		};
		98B52B2C2930A4C20013FEEA /* Debug */ = {
			isa = XCBuildConfiguration;
			buildSettings = {
				ASSETCATALOG_COMPILER_APPICON_NAME = AppIcon;
				ASSETCATALOG_COMPILER_GLOBAL_ACCENT_COLOR_NAME = AccentColor;
				CODE_SIGN_STYLE = Automatic;
				CURRENT_PROJECT_VERSION = 1;
				DEVELOPMENT_ASSET_PATHS = "\"Rant Away/Preview Content\"";
				DEVELOPMENT_TEAM = 46ZCWG7KFN;
				ENABLE_PREVIEWS = YES;
				GENERATE_INFOPLIST_FILE = YES;
				INFOPLIST_KEY_UIApplicationSceneManifest_Generation = YES;
				INFOPLIST_KEY_UIApplicationSupportsIndirectInputEvents = YES;
				INFOPLIST_KEY_UILaunchScreen_Generation = YES;
				INFOPLIST_KEY_UISupportedInterfaceOrientations_iPad = "UIInterfaceOrientationPortrait UIInterfaceOrientationPortraitUpsideDown UIInterfaceOrientationLandscapeLeft UIInterfaceOrientationLandscapeRight";
				INFOPLIST_KEY_UISupportedInterfaceOrientations_iPhone = "UIInterfaceOrientationPortrait UIInterfaceOrientationLandscapeLeft UIInterfaceOrientationLandscapeRight";
				LD_RUNPATH_SEARCH_PATHS = (
					"$(inherited)",
					"@executable_path/Frameworks",
				);
				MARKETING_VERSION = 1.0;
				PRODUCT_BUNDLE_IDENTIFIER = "com.bouncy.Rant-Away";
				PRODUCT_NAME = "$(TARGET_NAME)";
				SWIFT_EMIT_LOC_STRINGS = YES;
				SWIFT_VERSION = 5.0;
				TARGETED_DEVICE_FAMILY = "1,2";
			};
			name = Debug;
		};
		98B52B2D2930A4C20013FEEA /* Release */ = {
			isa = XCBuildConfiguration;
			buildSettings = {
				ASSETCATALOG_COMPILER_APPICON_NAME = AppIcon;
				ASSETCATALOG_COMPILER_GLOBAL_ACCENT_COLOR_NAME = AccentColor;
				CODE_SIGN_STYLE = Automatic;
				CURRENT_PROJECT_VERSION = 1;
				DEVELOPMENT_ASSET_PATHS = "\"Rant Away/Preview Content\"";
				DEVELOPMENT_TEAM = 46ZCWG7KFN;
				ENABLE_PREVIEWS = YES;
				GENERATE_INFOPLIST_FILE = YES;
				INFOPLIST_KEY_UIApplicationSceneManifest_Generation = YES;
				INFOPLIST_KEY_UIApplicationSupportsIndirectInputEvents = YES;
				INFOPLIST_KEY_UILaunchScreen_Generation = YES;
				INFOPLIST_KEY_UISupportedInterfaceOrientations_iPad = "UIInterfaceOrientationPortrait UIInterfaceOrientationPortraitUpsideDown UIInterfaceOrientationLandscapeLeft UIInterfaceOrientationLandscapeRight";
				INFOPLIST_KEY_UISupportedInterfaceOrientations_iPhone = "UIInterfaceOrientationPortrait UIInterfaceOrientationLandscapeLeft UIInterfaceOrientationLandscapeRight";
				LD_RUNPATH_SEARCH_PATHS = (
					"$(inherited)",
					"@executable_path/Frameworks",
				);
				MARKETING_VERSION = 1.0;
				PRODUCT_BUNDLE_IDENTIFIER = "com.bouncy.Rant-Away";
				PRODUCT_NAME = "$(TARGET_NAME)";
				SWIFT_EMIT_LOC_STRINGS = YES;
				SWIFT_VERSION = 5.0;
				TARGETED_DEVICE_FAMILY = "1,2";
			};
			name = Release;
		};
/* End XCBuildConfiguration section */

/* Begin XCConfigurationList section */
		98B52B182930A4BE0013FEEA /* Build configuration list for PBXProject "Rant Away" */ = {
			isa = XCConfigurationList;
			buildConfigurations = (
				98B52B292930A4C20013FEEA /* Debug */,
				98B52B2A2930A4C20013FEEA /* Release */,
			);
			defaultConfigurationIsVisible = 0;
			defaultConfigurationName = Release;
		};
		98B52B2B2930A4C20013FEEA /* Build configuration list for PBXNativeTarget "Rant Away" */ = {
			isa = XCConfigurationList;
			buildConfigurations = (
				98B52B2C2930A4C20013FEEA /* Debug */,
				98B52B2D2930A4C20013FEEA /* Release */,
			);
			defaultConfigurationIsVisible = 0;
			defaultConfigurationName = Release;
		};
/* End XCConfigurationList section */
	};
	rootObject = 98B52B152930A4BE0013FEEA /* Project object */;
}
